
Microsoft Visual Studio Solution File, Format Version 12.00
# Visual Studio Version 17
VisualStudioVersion = 17.0.31912.275
MinimumVisualStudioVersion = 10.0.40219.1
Project("{FAE04EC0-301F-11D3-BF4B-00C04F79EFBC}") = "Proje_Hastane", "Proje_Hastane\Proje_Hastane.csproj", "{1C862730-ECDB-4D3D-947B-28BB67DBDBAD}"
EndProject
Global
	GlobalSection(SolutionConfigurationPlatforms) = preSolution
		Debug|Any CPU = Debug|Any CPU
		Release|Any CPU = Release|Any CPU
	EndGlobalSection
	GlobalSection(ProjectConfigurationPlatforms) = postSolution
		{1C862730-ECDB-4D3D-947B-28BB67DBDBAD}.Debug|Any CPU.ActiveCfg = Debug|Any CPU
		{1C862730-ECDB-4D3D-947B-28BB67DBDBAD}.Debug|Any CPU.Build.0 = Debug|Any CPU
		{1C862730-ECDB-4D3D-947B-28BB67DBDBAD}.Release|Any CPU.ActiveCfg = Release|Any CPU
		{1C862730-ECDB-4D3D-947B-28BB67DBDBAD}.Release|Any CPU.Build.0 = Release|Any CPU
	EndGlobalSection
	GlobalSection(SolutionProperties) = preSolution
		HideSolutionNode = FALSE
	EndGlobalSection
	GlobalSection(ExtensibilityGlobals) = postSolution
		SolutionGuid = {819F39DB-3629-45CC-9E80-454E7B1C840B}
	EndGlobalSection
EndGlobal
